// !$*UTF8*$!
{
	archiveVersion = 1;
	classes = {
	};
	objectVersion = 56;
	objects = {

/* Begin PBXBuildFile section */
		7B48528B2C85396500B87397 /* ResultsViewController.swift in Sources */ = {isa = PBXBuildFile; fileRef = 7B48528A2C85396500B87397 /* ResultsViewController.swift */; };
		7B48528D2C853A0F00B87397 /* ResultsViewController.xib in Resources */ = {isa = PBXBuildFile; fileRef = 7B48528C2C853A0F00B87397 /* ResultsViewController.xib */; };
		7B77D5382C7182E500FEAEF6 /* AppDelegate.swift in Sources */ = {isa = PBXBuildFile; fileRef = 7B77D5372C7182E500FEAEF6 /* AppDelegate.swift */; };
		7B77D5412C7182E600FEAEF6 /* Assets.xcassets in Resources */ = {isa = PBXBuildFile; fileRef = 7B77D5402C7182E600FEAEF6 /* Assets.xcassets */; };
		7B77D54F2C7182E600FEAEF6 /* QuizAppTests.swift in Sources */ = {isa = PBXBuildFile; fileRef = 7B77D54E2C7182E600FEAEF6 /* QuizAppTests.swift */; };
		7B77D5592C7182E600FEAEF6 /* QuizAppUITests.swift in Sources */ = {isa = PBXBuildFile; fileRef = 7B77D5582C7182E600FEAEF6 /* QuizAppUITests.swift */; };
		7B77D55B2C7182E600FEAEF6 /* QuizAppUITestsLaunchTests.swift in Sources */ = {isa = PBXBuildFile; fileRef = 7B77D55A2C7182E600FEAEF6 /* QuizAppUITestsLaunchTests.swift */; };
		7B77D5682C71842F00FEAEF6 /* QuestionViewController.swift in Sources */ = {isa = PBXBuildFile; fileRef = 7B77D5672C71842F00FEAEF6 /* QuestionViewController.swift */; };
		7B77D56A2C71849E00FEAEF6 /* QuestionViewController.xib in Resources */ = {isa = PBXBuildFile; fileRef = 7B77D5692C71849E00FEAEF6 /* QuestionViewController.xib */; };
		7B77D56E2C718A5E00FEAEF6 /* QuestionViewControllerTest.swift in Sources */ = {isa = PBXBuildFile; fileRef = 7B77D56D2C718A5E00FEAEF6 /* QuestionViewControllerTest.swift */; };
		7BF34DE92C8541E7000559FF /* ResultsViewContrllerTest.swift in Sources */ = {isa = PBXBuildFile; fileRef = 7BF34DE82C8541E7000559FF /* ResultsViewContrllerTest.swift */; };
		7BF34DEB2C854952000559FF /* TableViewHelpers.swift in Sources */ = {isa = PBXBuildFile; fileRef = 7BF34DEA2C854952000559FF /* TableViewHelpers.swift */; };
/* End PBXBuildFile section */

/* Begin PBXContainerItemProxy section */
		7B77D54B2C7182E600FEAEF6 /* PBXContainerItemProxy */ = {
			isa = PBXContainerItemProxy;
			containerPortal = 7B77D52C2C7182E500FEAEF6 /* Project object */;
			proxyType = 1;
			remoteGlobalIDString = 7B77D5332C7182E500FEAEF6;
			remoteInfo = QuizApp;
		};
		7B77D5552C7182E600FEAEF6 /* PBXContainerItemProxy */ = {
			isa = PBXContainerItemProxy;
			containerPortal = 7B77D52C2C7182E500FEAEF6 /* Project object */;
			proxyType = 1;
			remoteGlobalIDString = 7B77D5332C7182E500FEAEF6;
			remoteInfo = QuizApp;
		};
/* End PBXContainerItemProxy section */

/* Begin PBXFileReference section */
		7B48528A2C85396500B87397 /* ResultsViewController.swift */ = {isa = PBXFileReference; lastKnownFileType = sourcecode.swift; path = ResultsViewController.swift; sourceTree = "<group>"; };
		7B48528C2C853A0F00B87397 /* ResultsViewController.xib */ = {isa = PBXFileReference; lastKnownFileType = file.xib; path = ResultsViewController.xib; sourceTree = "<group>"; };
		7B77D5342C7182E500FEAEF6 /* QuizApp.app */ = {isa = PBXFileReference; explicitFileType = wrapper.application; includeInIndex = 0; path = QuizApp.app; sourceTree = BUILT_PRODUCTS_DIR; };
		7B77D5372C7182E500FEAEF6 /* AppDelegate.swift */ = {isa = PBXFileReference; lastKnownFileType = sourcecode.swift; path = AppDelegate.swift; sourceTree = "<group>"; };
		7B77D5402C7182E600FEAEF6 /* Assets.xcassets */ = {isa = PBXFileReference; lastKnownFileType = folder.assetcatalog; path = Assets.xcassets; sourceTree = "<group>"; };
		7B77D5452C7182E600FEAEF6 /* Info.plist */ = {isa = PBXFileReference; lastKnownFileType = text.plist.xml; path = Info.plist; sourceTree = "<group>"; };
		7B77D54A2C7182E600FEAEF6 /* QuizAppTests.xctest */ = {isa = PBXFileReference; explicitFileType = wrapper.cfbundle; includeInIndex = 0; path = QuizAppTests.xctest; sourceTree = BUILT_PRODUCTS_DIR; };
		7B77D54E2C7182E600FEAEF6 /* QuizAppTests.swift */ = {isa = PBXFileReference; lastKnownFileType = sourcecode.swift; path = QuizAppTests.swift; sourceTree = "<group>"; };
		7B77D5542C7182E600FEAEF6 /* QuizAppUITests.xctest */ = {isa = PBXFileReference; explicitFileType = wrapper.cfbundle; includeInIndex = 0; path = QuizAppUITests.xctest; sourceTree = BUILT_PRODUCTS_DIR; };
		7B77D5582C7182E600FEAEF6 /* QuizAppUITests.swift */ = {isa = PBXFileReference; lastKnownFileType = sourcecode.swift; path = QuizAppUITests.swift; sourceTree = "<group>"; };
		7B77D55A2C7182E600FEAEF6 /* QuizAppUITestsLaunchTests.swift */ = {isa = PBXFileReference; lastKnownFileType = sourcecode.swift; path = QuizAppUITestsLaunchTests.swift; sourceTree = "<group>"; };
		7B77D5672C71842F00FEAEF6 /* QuestionViewController.swift */ = {isa = PBXFileReference; lastKnownFileType = sourcecode.swift; path = QuestionViewController.swift; sourceTree = "<group>"; };
		7B77D5692C71849E00FEAEF6 /* QuestionViewController.xib */ = {isa = PBXFileReference; lastKnownFileType = file.xib; path = QuestionViewController.xib; sourceTree = "<group>"; };
		7B77D56D2C718A5E00FEAEF6 /* QuestionViewControllerTest.swift */ = {isa = PBXFileReference; lastKnownFileType = sourcecode.swift; path = QuestionViewControllerTest.swift; sourceTree = "<group>"; };
		7BF34DE82C8541E7000559FF /* ResultsViewContrllerTest.swift */ = {isa = PBXFileReference; lastKnownFileType = sourcecode.swift; path = ResultsViewContrllerTest.swift; sourceTree = "<group>"; };
		7BF34DEA2C854952000559FF /* TableViewHelpers.swift */ = {isa = PBXFileReference; lastKnownFileType = sourcecode.swift; path = TableViewHelpers.swift; sourceTree = "<group>"; };
/* End PBXFileReference section */

/* Begin PBXFrameworksBuildPhase section */
		7B77D5312C7182E500FEAEF6 /* Frameworks */ = {
			isa = PBXFrameworksBuildPhase;
			buildActionMask = 2147483647;
			files = (
			);
			runOnlyForDeploymentPostprocessing = 0;
		};
		7B77D5472C7182E600FEAEF6 /* Frameworks */ = {
			isa = PBXFrameworksBuildPhase;
			buildActionMask = 2147483647;
			files = (
			);
			runOnlyForDeploymentPostprocessing = 0;
		};
		7B77D5512C7182E600FEAEF6 /* Frameworks */ = {
			isa = PBXFrameworksBuildPhase;
			buildActionMask = 2147483647;
			files = (
			);
			runOnlyForDeploymentPostprocessing = 0;
		};
/* End PBXFrameworksBuildPhase section */

/* Begin PBXGroup section */
		7B77D52B2C7182E500FEAEF6 = {
			isa = PBXGroup;
			children = (
				7B77D5362C7182E500FEAEF6 /* QuizApp */,
				7B77D54D2C7182E600FEAEF6 /* QuizAppTests */,
				7B77D5572C7182E600FEAEF6 /* QuizAppUITests */,
				7B77D5352C7182E500FEAEF6 /* Products */,
			);
			sourceTree = "<group>";
		};
		7B77D5352C7182E500FEAEF6 /* Products */ = {
			isa = PBXGroup;
			children = (
				7B77D5342C7182E500FEAEF6 /* QuizApp.app */,
				7B77D54A2C7182E600FEAEF6 /* QuizAppTests.xctest */,
				7B77D5542C7182E600FEAEF6 /* QuizAppUITests.xctest */,
			);
			name = Products;
			sourceTree = "<group>";
		};
		7B77D5362C7182E500FEAEF6 /* QuizApp */ = {
			isa = PBXGroup;
			children = (
				7B77D5372C7182E500FEAEF6 /* AppDelegate.swift */,
				7B77D5402C7182E600FEAEF6 /* Assets.xcassets */,
				7B77D5452C7182E600FEAEF6 /* Info.plist */,
				7B77D5672C71842F00FEAEF6 /* QuestionViewController.swift */,
				7B77D5692C71849E00FEAEF6 /* QuestionViewController.xib */,
				7B48528A2C85396500B87397 /* ResultsViewController.swift */,
				7B48528C2C853A0F00B87397 /* ResultsViewController.xib */,
			);
			path = QuizApp;
			sourceTree = "<group>";
		};
		7B77D54D2C7182E600FEAEF6 /* QuizAppTests */ = {
			isa = PBXGroup;
			children = (
				7B77D54E2C7182E600FEAEF6 /* QuizAppTests.swift */,
				7B77D56D2C718A5E00FEAEF6 /* QuestionViewControllerTest.swift */,
				7BF34DE82C8541E7000559FF /* ResultsViewContrllerTest.swift */,
				7BF34DEA2C854952000559FF /* TableViewHelpers.swift */,
			);
			path = QuizAppTests;
			sourceTree = "<group>";
		};
		7B77D5572C7182E600FEAEF6 /* QuizAppUITests */ = {
			isa = PBXGroup;
			children = (
				7B77D5582C7182E600FEAEF6 /* QuizAppUITests.swift */,
				7B77D55A2C7182E600FEAEF6 /* QuizAppUITestsLaunchTests.swift */,
			);
			path = QuizAppUITests;
			sourceTree = "<group>";
		};
/* End PBXGroup section */

/* Begin PBXNativeTarget section */
		7B77D5332C7182E500FEAEF6 /* QuizApp */ = {
			isa = PBXNativeTarget;
			buildConfigurationList = 7B77D55E2C7182E600FEAEF6 /* Build configuration list for PBXNativeTarget "QuizApp" */;
			buildPhases = (
				7B77D5302C7182E500FEAEF6 /* Sources */,
				7B77D5312C7182E500FEAEF6 /* Frameworks */,
				7B77D5322C7182E500FEAEF6 /* Resources */,
			);
			buildRules = (
			);
			dependencies = (
			);
			name = QuizApp;
			productName = QuizApp;
			productReference = 7B77D5342C7182E500FEAEF6 /* QuizApp.app */;
			productType = "com.apple.product-type.application";
		};
		7B77D5492C7182E600FEAEF6 /* QuizAppTests */ = {
			isa = PBXNativeTarget;
			buildConfigurationList = 7B77D5612C7182E600FEAEF6 /* Build configuration list for PBXNativeTarget "QuizAppTests" */;
			buildPhases = (
				7B77D5462C7182E600FEAEF6 /* Sources */,
				7B77D5472C7182E600FEAEF6 /* Frameworks */,
				7B77D5482C7182E600FEAEF6 /* Resources */,
			);
			buildRules = (
			);
			dependencies = (
				7B77D54C2C7182E600FEAEF6 /* PBXTargetDependency */,
			);
			name = QuizAppTests;
			productName = QuizAppTests;
			productReference = 7B77D54A2C7182E600FEAEF6 /* QuizAppTests.xctest */;
			productType = "com.apple.product-type.bundle.unit-test";
		};
		7B77D5532C7182E600FEAEF6 /* QuizAppUITests */ = {
			isa = PBXNativeTarget;
			buildConfigurationList = 7B77D5642C7182E600FEAEF6 /* Build configuration list for PBXNativeTarget "QuizAppUITests" */;
			buildPhases = (
				7B77D5502C7182E600FEAEF6 /* Sources */,
				7B77D5512C7182E600FEAEF6 /* Frameworks */,
				7B77D5522C7182E600FEAEF6 /* Resources */,
			);
			buildRules = (
			);
			dependencies = (
				7B77D5562C7182E600FEAEF6 /* PBXTargetDependency */,
			);
			name = QuizAppUITests;
			productName = QuizAppUITests;
			productReference = 7B77D5542C7182E600FEAEF6 /* QuizAppUITests.xctest */;
			productType = "com.apple.product-type.bundle.ui-testing";
		};
/* End PBXNativeTarget section */

/* Begin PBXProject section */
		7B77D52C2C7182E500FEAEF6 /* Project object */ = {
			isa = PBXProject;
			attributes = {
				BuildIndependentTargetsInParallel = 1;
				LastSwiftUpdateCheck = 1520;
				LastUpgradeCheck = 1520;
				TargetAttributes = {
					7B77D5332C7182E500FEAEF6 = {
						CreatedOnToolsVersion = 15.2;
					};
					7B77D5492C7182E600FEAEF6 = {
						CreatedOnToolsVersion = 15.2;
						TestTargetID = 7B77D5332C7182E500FEAEF6;
					};
					7B77D5532C7182E600FEAEF6 = {
						CreatedOnToolsVersion = 15.2;
						TestTargetID = 7B77D5332C7182E500FEAEF6;
					};
				};
			};
			buildConfigurationList = 7B77D52F2C7182E500FEAEF6 /* Build configuration list for PBXProject "QuizApp" */;
			compatibilityVersion = "Xcode 14.0";
			developmentRegion = en;
			hasScannedForEncodings = 0;
			knownRegions = (
				en,
				Base,
			);
			mainGroup = 7B77D52B2C7182E500FEAEF6;
			productRefGroup = 7B77D5352C7182E500FEAEF6 /* Products */;
			projectDirPath = "";
			projectRoot = "";
			targets = (
				7B77D5332C7182E500FEAEF6 /* QuizApp */,
				7B77D5492C7182E600FEAEF6 /* QuizAppTests */,
				7B77D5532C7182E600FEAEF6 /* QuizAppUITests */,
			);
		};
/* End PBXProject section */

/* Begin PBXResourcesBuildPhase section */
		7B77D5322C7182E500FEAEF6 /* Resources */ = {
			isa = PBXResourcesBuildPhase;
			buildActionMask = 2147483647;
			files = (
				7B48528D2C853A0F00B87397 /* ResultsViewController.xib in Resources */,
				7B77D5412C7182E600FEAEF6 /* Assets.xcassets in Resources */,
				7B77D56A2C71849E00FEAEF6 /* QuestionViewController.xib in Resources */,
			);
			runOnlyForDeploymentPostprocessing = 0;
		};
		7B77D5482C7182E600FEAEF6 /* Resources */ = {
			isa = PBXResourcesBuildPhase;
			buildActionMask = 2147483647;
			files = (
			);
			runOnlyForDeploymentPostprocessing = 0;
		};
		7B77D5522C7182E600FEAEF6 /* Resources */ = {
			isa = PBXResourcesBuildPhase;
			buildActionMask = 2147483647;
			files = (
			);
			runOnlyForDeploymentPostprocessing = 0;
		};
/* End PBXResourcesBuildPhase section */

/* Begin PBXSourcesBuildPhase section */
		7B77D5302C7182E500FEAEF6 /* Sources */ = {
			isa = PBXSourcesBuildPhase;
			buildActionMask = 2147483647;
			files = (
				7B77D5382C7182E500FEAEF6 /* AppDelegate.swift in Sources */,
				7B77D5682C71842F00FEAEF6 /* QuestionViewController.swift in Sources */,
				7B48528B2C85396500B87397 /* ResultsViewController.swift in Sources */,
			);
			runOnlyForDeploymentPostprocessing = 0;
		};
		7B77D5462C7182E600FEAEF6 /* Sources */ = {
			isa = PBXSourcesBuildPhase;
			buildActionMask = 2147483647;
			files = (
				7B77D56E2C718A5E00FEAEF6 /* QuestionViewControllerTest.swift in Sources */,
				7B77D54F2C7182E600FEAEF6 /* QuizAppTests.swift in Sources */,
				7BF34DE92C8541E7000559FF /* ResultsViewContrllerTest.swift in Sources */,
				7BF34DEB2C854952000559FF /* TableViewHelpers.swift in Sources */,
			);
			runOnlyForDeploymentPostprocessing = 0;
		};
		7B77D5502C7182E600FEAEF6 /* Sources */ = {
			isa = PBXSourcesBuildPhase;
			buildActionMask = 2147483647;
			files = (
				7B77D5592C7182E600FEAEF6 /* QuizAppUITests.swift in Sources */,
				7B77D55B2C7182E600FEAEF6 /* QuizAppUITestsLaunchTests.swift in Sources */,
			);
			runOnlyForDeploymentPostprocessing = 0;
		};
/* End PBXSourcesBuildPhase section */

/* Begin PBXTargetDependency section */
		7B77D54C2C7182E600FEAEF6 /* PBXTargetDependency */ = {
			isa = PBXTargetDependency;
			target = 7B77D5332C7182E500FEAEF6 /* QuizApp */;
			targetProxy = 7B77D54B2C7182E600FEAEF6 /* PBXContainerItemProxy */;
		};
		7B77D5562C7182E600FEAEF6 /* PBXTargetDependency */ = {
			isa = PBXTargetDependency;
			target = 7B77D5332C7182E500FEAEF6 /* QuizApp */;
			targetProxy = 7B77D5552C7182E600FEAEF6 /* PBXContainerItemProxy */;
		};
/* End PBXTargetDependency section */

/* Begin XCBuildConfiguration section */
		7B77D55C2C7182E600FEAEF6 /* Debug */ = {
			isa = XCBuildConfiguration;
			buildSettings = {
				ALWAYS_SEARCH_USER_PATHS = NO;
				ASSETCATALOG_COMPILER_GENERATE_SWIFT_ASSET_SYMBOL_EXTENSIONS = YES;
				CLANG_ANALYZER_NONNULL = YES;
				CLANG_ANALYZER_NUMBER_OBJECT_CONVERSION = YES_AGGRESSIVE;
				CLANG_CXX_LANGUAGE_STANDARD = "gnu++20";
				CLANG_ENABLE_MODULES = YES;
				CLANG_ENABLE_OBJC_ARC = YES;
				CLANG_ENABLE_OBJC_WEAK = YES;
				CLANG_WARN_BLOCK_CAPTURE_AUTORELEASING = YES;
				CLANG_WARN_BOOL_CONVERSION = YES;
				CLANG_WARN_COMMA = YES;
				CLANG_WARN_CONSTANT_CONVERSION = YES;
				CLANG_WARN_DEPRECATED_OBJC_IMPLEMENTATIONS = YES;
				CLANG_WARN_DIRECT_OBJC_ISA_USAGE = YES_ERROR;
				CLANG_WARN_DOCUMENTATION_COMMENTS = YES;
				CLANG_WARN_EMPTY_BODY = YES;
				CLANG_WARN_ENUM_CONVERSION = YES;
				CLANG_WARN_INFINITE_RECURSION = YES;
				CLANG_WARN_INT_CONVERSION = YES;
				CLANG_WARN_NON_LITERAL_NULL_CONVERSION = YES;
				CLANG_WARN_OBJC_IMPLICIT_RETAIN_SELF = YES;
				CLANG_WARN_OBJC_LITERAL_CONVERSION = YES;
				CLANG_WARN_OBJC_ROOT_CLASS = YES_ERROR;
				CLANG_WARN_QUOTED_INCLUDE_IN_FRAMEWORK_HEADER = YES;
				CLANG_WARN_RANGE_LOOP_ANALYSIS = YES;
				CLANG_WARN_STRICT_PROTOTYPES = YES;
				CLANG_WARN_SUSPICIOUS_MOVE = YES;
				CLANG_WARN_UNGUARDED_AVAILABILITY = YES_AGGRESSIVE;
				CLANG_WARN_UNREACHABLE_CODE = YES;
				CLANG_WARN__DUPLICATE_METHOD_MATCH = YES;
				COPY_PHASE_STRIP = NO;
				DEBUG_INFORMATION_FORMAT = dwarf;
				ENABLE_STRICT_OBJC_MSGSEND = YES;
				ENABLE_TESTABILITY = YES;
				ENABLE_USER_SCRIPT_SANDBOXING = YES;
				GCC_C_LANGUAGE_STANDARD = gnu17;
				GCC_DYNAMIC_NO_PIC = NO;
				GCC_NO_COMMON_BLOCKS = YES;
				GCC_OPTIMIZATION_LEVEL = 0;
				GCC_PREPROCESSOR_DEFINITIONS = (
					"DEBUG=1",
					"$(inherited)",
				);
				GCC_WARN_64_TO_32_BIT_CONVERSION = YES;
				GCC_WARN_ABOUT_RETURN_TYPE = YES_ERROR;
				GCC_WARN_UNDECLARED_SELECTOR = YES;
				GCC_WARN_UNINITIALIZED_AUTOS = YES_AGGRESSIVE;
				GCC_WARN_UNUSED_FUNCTION = YES;
				GCC_WARN_UNUSED_VARIABLE = YES;
				IPHONEOS_DEPLOYMENT_TARGET = 17.2;
				LOCALIZATION_PREFERS_STRING_CATALOGS = YES;
				MTL_ENABLE_DEBUG_INFO = INCLUDE_SOURCE;
				MTL_FAST_MATH = YES;
				ONLY_ACTIVE_ARCH = YES;
				SDKROOT = iphoneos;
				SWIFT_ACTIVE_COMPILATION_CONDITIONS = "DEBUG $(inherited)";
				SWIFT_OPTIMIZATION_LEVEL = "-Onone";
			};
			name = Debug;
		};
		7B77D55D2C7182E600FEAEF6 /* Release */ = {
			isa = XCBuildConfiguration;
			buildSettings = {
				ALWAYS_SEARCH_USER_PATHS = NO;
				ASSETCATALOG_COMPILER_GENERATE_SWIFT_ASSET_SYMBOL_EXTENSIONS = YES;
				CLANG_ANALYZER_NONNULL = YES;
				CLANG_ANALYZER_NUMBER_OBJECT_CONVERSION = YES_AGGRESSIVE;
				CLANG_CXX_LANGUAGE_STANDARD = "gnu++20";
				CLANG_ENABLE_MODULES = YES;
				CLANG_ENABLE_OBJC_ARC = YES;
				CLANG_ENABLE_OBJC_WEAK = YES;
				CLANG_WARN_BLOCK_CAPTURE_AUTORELEASING = YES;
				CLANG_WARN_BOOL_CONVERSION = YES;
				CLANG_WARN_COMMA = YES;
				CLANG_WARN_CONSTANT_CONVERSION = YES;
				CLANG_WARN_DEPRECATED_OBJC_IMPLEMENTATIONS = YES;
				CLANG_WARN_DIRECT_OBJC_ISA_USAGE = YES_ERROR;
				CLANG_WARN_DOCUMENTATION_COMMENTS = YES;
				CLANG_WARN_EMPTY_BODY = YES;
				CLANG_WARN_ENUM_CONVERSION = YES;
				CLANG_WARN_INFINITE_RECURSION = YES;
				CLANG_WARN_INT_CONVERSION = YES;
				CLANG_WARN_NON_LITERAL_NULL_CONVERSION = YES;
				CLANG_WARN_OBJC_IMPLICIT_RETAIN_SELF = YES;
				CLANG_WARN_OBJC_LITERAL_CONVERSION = YES;
				CLANG_WARN_OBJC_ROOT_CLASS = YES_ERROR;
				CLANG_WARN_QUOTED_INCLUDE_IN_FRAMEWORK_HEADER = YES;
				CLANG_WARN_RANGE_LOOP_ANALYSIS = YES;
				CLANG_WARN_STRICT_PROTOTYPES = YES;
				CLANG_WARN_SUSPICIOUS_MOVE = YES;
				CLANG_WARN_UNGUARDED_AVAILABILITY = YES_AGGRESSIVE;
				CLANG_WARN_UNREACHABLE_CODE = YES;
				CLANG_WARN__DUPLICATE_METHOD_MATCH = YES;
				COPY_PHASE_STRIP = NO;
				DEBUG_INFORMATION_FORMAT = "dwarf-with-dsym";
				ENABLE_NS_ASSERTIONS = NO;
				ENABLE_STRICT_OBJC_MSGSEND = YES;
				ENABLE_USER_SCRIPT_SANDBOXING = YES;
				GCC_C_LANGUAGE_STANDARD = gnu17;
				GCC_NO_COMMON_BLOCKS = YES;
				GCC_WARN_64_TO_32_BIT_CONVERSION = YES;
				GCC_WARN_ABOUT_RETURN_TYPE = YES_ERROR;
				GCC_WARN_UNDECLARED_SELECTOR = YES;
				GCC_WARN_UNINITIALIZED_AUTOS = YES_AGGRESSIVE;
				GCC_WARN_UNUSED_FUNCTION = YES;
				GCC_WARN_UNUSED_VARIABLE = YES;
				IPHONEOS_DEPLOYMENT_TARGET = 17.2;
				LOCALIZATION_PREFERS_STRING_CATALOGS = YES;
				MTL_ENABLE_DEBUG_INFO = NO;
				MTL_FAST_MATH = YES;
				SDKROOT = iphoneos;
				SWIFT_COMPILATION_MODE = wholemodule;
				VALIDATE_PRODUCT = YES;
			};
			name = Release;
		};
		7B77D55F2C7182E600FEAEF6 /* Debug */ = {
			isa = XCBuildConfiguration;
			buildSettings = {
				ASSETCATALOG_COMPILER_APPICON_NAME = AppIcon;
				ASSETCATALOG_COMPILER_GLOBAL_ACCENT_COLOR_NAME = AccentColor;
				CODE_SIGN_STYLE = Automatic;
				CURRENT_PROJECT_VERSION = 1;
				DEVELOPMENT_TEAM = G6F8ZTAKUJ;
				GENERATE_INFOPLIST_FILE = YES;
				INFOPLIST_FILE = QuizApp/Info.plist;
				INFOPLIST_KEY_UIApplicationSupportsIndirectInputEvents = YES;
				INFOPLIST_KEY_UILaunchStoryboardName = "";
				INFOPLIST_KEY_UISupportedInterfaceOrientations_iPad = "UIInterfaceOrientationPortrait UIInterfaceOrientationPortraitUpsideDown UIInterfaceOrientationLandscapeLeft UIInterfaceOrientationLandscapeRight";
				INFOPLIST_KEY_UISupportedInterfaceOrientations_iPhone = "UIInterfaceOrientationPortrait UIInterfaceOrientationLandscapeLeft UIInterfaceOrientationLandscapeRight";
				LD_RUNPATH_SEARCH_PATHS = (
					"$(inherited)",
					"@executable_path/Frameworks",
				);
				MARKETING_VERSION = 1.0;
				PRODUCT_BUNDLE_IDENTIFIER = com.Habibur.QuizEngine.QuizApp;
				PRODUCT_NAME = "$(TARGET_NAME)";
				SWIFT_EMIT_LOC_STRINGS = YES;
				SWIFT_VERSION = 5.0;
				TARGETED_DEVICE_FAMILY = "1,2";
			};
			name = Debug;
		};
		7B77D5602C7182E600FEAEF6 /* Release */ = {
			isa = XCBuildConfiguration;
			buildSettings = {
				ASSETCATALOG_COMPILER_APPICON_NAME = AppIcon;
				ASSETCATALOG_COMPILER_GLOBAL_ACCENT_COLOR_NAME = AccentColor;
				CODE_SIGN_STYLE = Automatic;
				CURRENT_PROJECT_VERSION = 1;
				DEVELOPMENT_TEAM = G6F8ZTAKUJ;
				GENERATE_INFOPLIST_FILE = YES;
				INFOPLIST_FILE = QuizApp/Info.plist;
				INFOPLIST_KEY_UIApplicationSupportsIndirectInputEvents = YES;
				INFOPLIST_KEY_UILaunchStoryboardName = "";
				INFOPLIST_KEY_UISupportedInterfaceOrientations_iPad = "UIInterfaceOrientationPortrait UIInterfaceOrientationPortraitUpsideDown UIInterfaceOrientationLandscapeLeft UIInterfaceOrientationLandscapeRight";
				INFOPLIST_KEY_UISupportedInterfaceOrientations_iPhone = "UIInterfaceOrientationPortrait UIInterfaceOrientationLandscapeLeft UIInterfaceOrientationLandscapeRight";
				LD_RUNPATH_SEARCH_PATHS = (
					"$(inherited)",
					"@executable_path/Frameworks",
				);
				MARKETING_VERSION = 1.0;
				PRODUCT_BUNDLE_IDENTIFIER = com.Habibur.QuizEngine.QuizApp;
				PRODUCT_NAME = "$(TARGET_NAME)";
				SWIFT_EMIT_LOC_STRINGS = YES;
				SWIFT_VERSION = 5.0;
				TARGETED_DEVICE_FAMILY = "1,2";
			};
			name = Release;
		};
		7B77D5622C7182E600FEAEF6 /* Debug */ = {
			isa = XCBuildConfiguration;
			buildSettings = {
				ALWAYS_EMBED_SWIFT_STANDARD_LIBRARIES = YES;
				BUNDLE_LOADER = "$(TEST_HOST)";
				CODE_SIGN_STYLE = Automatic;
				CURRENT_PROJECT_VERSION = 1;
				DEVELOPMENT_TEAM = G6F8ZTAKUJ;
				GENERATE_INFOPLIST_FILE = YES;
				IPHONEOS_DEPLOYMENT_TARGET = 17.2;
				MARKETING_VERSION = 1.0;
				PRODUCT_BUNDLE_IDENTIFIER = com.Habibur.QuizEngine.QuizAppTests;
				PRODUCT_NAME = "$(TARGET_NAME)";
				SWIFT_EMIT_LOC_STRINGS = NO;
				SWIFT_VERSION = 5.0;
				TARGETED_DEVICE_FAMILY = "1,2";
				TEST_HOST = "$(BUILT_PRODUCTS_DIR)/QuizApp.app/$(BUNDLE_EXECUTABLE_FOLDER_PATH)/QuizApp";
			};
			name = Debug;
		};
		7B77D5632C7182E600FEAEF6 /* Release */ = {
			isa = XCBuildConfiguration;
			buildSettings = {
				ALWAYS_EMBED_SWIFT_STANDARD_LIBRARIES = YES;
				BUNDLE_LOADER = "$(TEST_HOST)";
				CODE_SIGN_STYLE = Automatic;
				CURRENT_PROJECT_VERSION = 1;
				DEVELOPMENT_TEAM = G6F8ZTAKUJ;
				GENERATE_INFOPLIST_FILE = YES;
				IPHONEOS_DEPLOYMENT_TARGET = 17.2;
				MARKETING_VERSION = 1.0;
				PRODUCT_BUNDLE_IDENTIFIER = com.Habibur.QuizEngine.QuizAppTests;
				PRODUCT_NAME = "$(TARGET_NAME)";
				SWIFT_EMIT_LOC_STRINGS = NO;
				SWIFT_VERSION = 5.0;
				TARGETED_DEVICE_FAMILY = "1,2";
				TEST_HOST = "$(BUILT_PRODUCTS_DIR)/QuizApp.app/$(BUNDLE_EXECUTABLE_FOLDER_PATH)/QuizApp";
			};
			name = Release;
		};
		7B77D5652C7182E600FEAEF6 /* Debug */ = {
			isa = XCBuildConfiguration;
			buildSettings = {
				ALWAYS_EMBED_SWIFT_STANDARD_LIBRARIES = YES;
				CODE_SIGN_STYLE = Automatic;
				CURRENT_PROJECT_VERSION = 1;
				DEVELOPMENT_TEAM = G6F8ZTAKUJ;
				GENERATE_INFOPLIST_FILE = YES;
				MARKETING_VERSION = 1.0;
				PRODUCT_BUNDLE_IDENTIFIER = com.Habibur.QuizEngine.QuizAppUITests;
				PRODUCT_NAME = "$(TARGET_NAME)";
				SWIFT_EMIT_LOC_STRINGS = NO;
				SWIFT_VERSION = 5.0;
				TARGETED_DEVICE_FAMILY = "1,2";
				TEST_TARGET_NAME = QuizApp;
			};
			name = Debug;
		};
		7B77D5662C7182E600FEAEF6 /* Release */ = {
			isa = XCBuildConfiguration;
			buildSettings = {
				ALWAYS_EMBED_SWIFT_STANDARD_LIBRARIES = YES;
				CODE_SIGN_STYLE = Automatic;
				CURRENT_PROJECT_VERSION = 1;
				DEVELOPMENT_TEAM = G6F8ZTAKUJ;
				GENERATE_INFOPLIST_FILE = YES;
				MARKETING_VERSION = 1.0;
				PRODUCT_BUNDLE_IDENTIFIER = com.Habibur.QuizEngine.QuizAppUITests;
				PRODUCT_NAME = "$(TARGET_NAME)";
				SWIFT_EMIT_LOC_STRINGS = NO;
				SWIFT_VERSION = 5.0;
				TARGETED_DEVICE_FAMILY = "1,2";
				TEST_TARGET_NAME = QuizApp;
			};
			name = Release;
		};
/* End XCBuildConfiguration section */

/* Begin XCConfigurationList section */
		7B77D52F2C7182E500FEAEF6 /* Build configuration list for PBXProject "QuizApp" */ = {
			isa = XCConfigurationList;
			buildConfigurations = (
				7B77D55C2C7182E600FEAEF6 /* Debug */,
				7B77D55D2C7182E600FEAEF6 /* Release */,
			);
			defaultConfigurationIsVisible = 0;
			defaultConfigurationName = Release;
		};
		7B77D55E2C7182E600FEAEF6 /* Build configuration list for PBXNativeTarget "QuizApp" */ = {
			isa = XCConfigurationList;
			buildConfigurations = (
				7B77D55F2C7182E600FEAEF6 /* Debug */,
				7B77D5602C7182E600FEAEF6 /* Release */,
			);
			defaultConfigurationIsVisible = 0;
			defaultConfigurationName = Release;
		};
		7B77D5612C7182E600FEAEF6 /* Build configuration list for PBXNativeTarget "QuizAppTests" */ = {
			isa = XCConfigurationList;
			buildConfigurations = (
				7B77D5622C7182E600FEAEF6 /* Debug */,
				7B77D5632C7182E600FEAEF6 /* Release */,
			);
			defaultConfigurationIsVisible = 0;
			defaultConfigurationName = Release;
		};
		7B77D5642C7182E600FEAEF6 /* Build configuration list for PBXNativeTarget "QuizAppUITests" */ = {
			isa = XCConfigurationList;
			buildConfigurations = (
				7B77D5652C7182E600FEAEF6 /* Debug */,
				7B77D5662C7182E600FEAEF6 /* Release */,
			);
			defaultConfigurationIsVisible = 0;
			defaultConfigurationName = Release;
		};
/* End XCConfigurationList section */
	};
	rootObject = 7B77D52C2C7182E500FEAEF6 /* Project object */;
}
