// !$*UTF8*$!
{
	archiveVersion = 1;
	classes = {
	};
	objectVersion = 56;
	objects = {

/* Begin PBXBuildFile section */
		7B9839D32C663BF3009A5B64 /* QuizEngine.docc in Sources */ = {isa = PBXBuildFile; fileRef = 7B9839D22C663BF3009A5B64 /* QuizEngine.docc */; };
		7B9839D92C663BF3009A5B64 /* QuizEngine.framework in Frameworks */ = {isa = PBXBuildFile; fileRef = 7B9839CE2C663BF3009A5B64 /* QuizEngine.framework */; };
		7B9839DE2C663BF3009A5B64 /* QuizEngineTests.swift in Sources */ = {isa = PBXBuildFile; fileRef = 7B9839DD2C663BF3009A5B64 /* QuizEngineTests.swift */; };
		7B9839DF2C663BF3009A5B64 /* QuizEngine.h in Headers */ = {isa = PBXBuildFile; fileRef = 7B9839D12C663BF3009A5B64 /* QuizEngine.h */; settings = {ATTRIBUTES = (Public, ); }; };
		7B9839EB2C6645D1009A5B64 /* FlowTests.swift in Sources */ = {isa = PBXBuildFile; fileRef = 7B9839E82C663C38009A5B64 /* FlowTests.swift */; };
		7B9839ED2C66462C009A5B64 /* Flow.swift in Sources */ = {isa = PBXBuildFile; fileRef = 7B9839EC2C66462C009A5B64 /* Flow.swift */; };
		7BFC064E2C8C1A70003F5A0F /* Result.swift in Sources */ = {isa = PBXBuildFile; fileRef = 7BFC064D2C8C1A70003F5A0F /* Result.swift */; };
		7BFC06502C8C1A85003F5A0F /* Router.swift in Sources */ = {isa = PBXBuildFile; fileRef = 7BFC064F2C8C1A85003F5A0F /* Router.swift */; };
		7BFC06522C8C220C003F5A0F /* GameTest.swift in Sources */ = {isa = PBXBuildFile; fileRef = 7BFC06512C8C220C003F5A0F /* GameTest.swift */; };
		7BFC06542C8C2279003F5A0F /* Game.swift in Sources */ = {isa = PBXBuildFile; fileRef = 7BFC06532C8C2279003F5A0F /* Game.swift */; };
		7BFC06562C8C2367003F5A0F /* RouterSpy.swift in Sources */ = {isa = PBXBuildFile; fileRef = 7BFC06552C8C2367003F5A0F /* RouterSpy.swift */; };
		F3B7B0F32C8E795300126948 /* QuizEngine.framework in Frameworks */ = {isa = PBXBuildFile; fileRef = F3B7B0EB2C8E795300126948 /* QuizEngine.framework */; };
		F3B7B1002C8E7B1B00126948 /* FlowTests.swift in Sources */ = {isa = PBXBuildFile; fileRef = 7B9839E82C663C38009A5B64 /* FlowTests.swift */; };
		F3B7B1012C8E7B2500126948 /* GameTest.swift in Sources */ = {isa = PBXBuildFile; fileRef = 7BFC06512C8C220C003F5A0F /* GameTest.swift */; };
		F3B7B1022C8E7B2500126948 /* RouterSpy.swift in Sources */ = {isa = PBXBuildFile; fileRef = 7BFC06552C8C2367003F5A0F /* RouterSpy.swift */; };
		F3B7B1032C8E7B2900126948 /* QuizEngineTests.swift in Sources */ = {isa = PBXBuildFile; fileRef = 7B9839DD2C663BF3009A5B64 /* QuizEngineTests.swift */; };
		F3B7B1042C8E7B3600126948 /* Router.swift in Sources */ = {isa = PBXBuildFile; fileRef = 7BFC064F2C8C1A85003F5A0F /* Router.swift */; };
		F3B7B1052C8E7B3600126948 /* Result.swift in Sources */ = {isa = PBXBuildFile; fileRef = 7BFC064D2C8C1A70003F5A0F /* Result.swift */; };
		F3B7B1062C8E7B3600126948 /* Game.swift in Sources */ = {isa = PBXBuildFile; fileRef = 7BFC06532C8C2279003F5A0F /* Game.swift */; };
		F3B7B1072C8E7B3B00126948 /* Flow.swift in Sources */ = {isa = PBXBuildFile; fileRef = 7B9839EC2C66462C009A5B64 /* Flow.swift */; };
/* End PBXBuildFile section */

/* Begin PBXContainerItemProxy section */
		7B9839DA2C663BF3009A5B64 /* PBXContainerItemProxy */ = {
			isa = PBXContainerItemProxy;
			containerPortal = 7B9839C52C663BF3009A5B64 /* Project object */;
			proxyType = 1;
			remoteGlobalIDString = 7B9839CD2C663BF3009A5B64;
			remoteInfo = QuizEngine;
		};
		F3B7B0F42C8E795300126948 /* PBXContainerItemProxy */ = {
			isa = PBXContainerItemProxy;
			containerPortal = 7B9839C52C663BF3009A5B64 /* Project object */;
			proxyType = 1;
			remoteGlobalIDString = F3B7B0EA2C8E795300126948;
			remoteInfo = QuizEngine_iOS;
		};
/* End PBXContainerItemProxy section */

/* Begin PBXFileReference section */
		7B9839CE2C663BF3009A5B64 /* QuizEngine.framework */ = {isa = PBXFileReference; explicitFileType = wrapper.framework; includeInIndex = 0; path = QuizEngine.framework; sourceTree = BUILT_PRODUCTS_DIR; };
		7B9839D12C663BF3009A5B64 /* QuizEngine.h */ = {isa = PBXFileReference; lastKnownFileType = sourcecode.c.h; path = QuizEngine.h; sourceTree = "<group>"; };
		7B9839D22C663BF3009A5B64 /* QuizEngine.docc */ = {isa = PBXFileReference; lastKnownFileType = folder.documentationcatalog; path = QuizEngine.docc; sourceTree = "<group>"; };
		7B9839D82C663BF3009A5B64 /* QuizEngineTests.xctest */ = {isa = PBXFileReference; explicitFileType = wrapper.cfbundle; includeInIndex = 0; path = QuizEngineTests.xctest; sourceTree = BUILT_PRODUCTS_DIR; };
		7B9839DD2C663BF3009A5B64 /* QuizEngineTests.swift */ = {isa = PBXFileReference; lastKnownFileType = sourcecode.swift; path = QuizEngineTests.swift; sourceTree = "<group>"; };
		7B9839E82C663C38009A5B64 /* FlowTests.swift */ = {isa = PBXFileReference; lastKnownFileType = sourcecode.swift; path = FlowTests.swift; sourceTree = "<group>"; };
		7B9839EC2C66462C009A5B64 /* Flow.swift */ = {isa = PBXFileReference; lastKnownFileType = sourcecode.swift; path = Flow.swift; sourceTree = "<group>"; };
		7BFC064D2C8C1A70003F5A0F /* Result.swift */ = {isa = PBXFileReference; lastKnownFileType = sourcecode.swift; path = Result.swift; sourceTree = "<group>"; };
		7BFC064F2C8C1A85003F5A0F /* Router.swift */ = {isa = PBXFileReference; lastKnownFileType = sourcecode.swift; path = Router.swift; sourceTree = "<group>"; };
		7BFC06512C8C220C003F5A0F /* GameTest.swift */ = {isa = PBXFileReference; lastKnownFileType = sourcecode.swift; path = GameTest.swift; sourceTree = "<group>"; };
		7BFC06532C8C2279003F5A0F /* Game.swift */ = {isa = PBXFileReference; lastKnownFileType = sourcecode.swift; path = Game.swift; sourceTree = "<group>"; };
		7BFC06552C8C2367003F5A0F /* RouterSpy.swift */ = {isa = PBXFileReference; lastKnownFileType = sourcecode.swift; path = RouterSpy.swift; sourceTree = "<group>"; };
		F3B7B0EB2C8E795300126948 /* QuizEngine.framework */ = {isa = PBXFileReference; explicitFileType = wrapper.framework; includeInIndex = 0; path = QuizEngine.framework; sourceTree = BUILT_PRODUCTS_DIR; };
		F3B7B0F22C8E795300126948 /* QuizEngineTests.xctest */ = {isa = PBXFileReference; explicitFileType = wrapper.cfbundle; includeInIndex = 0; path = QuizEngineTests.xctest; sourceTree = BUILT_PRODUCTS_DIR; };
/* End PBXFileReference section */

/* Begin PBXFrameworksBuildPhase section */
		7B9839CB2C663BF3009A5B64 /* Frameworks */ = {
			isa = PBXFrameworksBuildPhase;
			buildActionMask = 2147483647;
			files = (
			);
			runOnlyForDeploymentPostprocessing = 0;
		};
		7B9839D52C663BF3009A5B64 /* Frameworks */ = {
			isa = PBXFrameworksBuildPhase;
			buildActionMask = 2147483647;
			files = (
				7B9839D92C663BF3009A5B64 /* QuizEngine.framework in Frameworks */,
			);
			runOnlyForDeploymentPostprocessing = 0;
		};
		F3B7B0E82C8E795300126948 /* Frameworks */ = {
			isa = PBXFrameworksBuildPhase;
			buildActionMask = 2147483647;
			files = (
			);
			runOnlyForDeploymentPostprocessing = 0;
		};
		F3B7B0EF2C8E795300126948 /* Frameworks */ = {
			isa = PBXFrameworksBuildPhase;
			buildActionMask = 2147483647;
			files = (
				F3B7B0F32C8E795300126948 /* QuizEngine.framework in Frameworks */,
			);
			runOnlyForDeploymentPostprocessing = 0;
		};
/* End PBXFrameworksBuildPhase section */

/* Begin PBXGroup section */
		7B9839C42C663BF3009A5B64 = {
			isa = PBXGroup;
			children = (
				7B9839D02C663BF3009A5B64 /* QuizEngine */,
				7B9839DC2C663BF3009A5B64 /* QuizEngineTests */,
				7B9839CF2C663BF3009A5B64 /* Products */,
			);
			sourceTree = "<group>";
		};
		7B9839CF2C663BF3009A5B64 /* Products */ = {
			isa = PBXGroup;
			children = (
				7B9839CE2C663BF3009A5B64 /* QuizEngine.framework */,
				7B9839D82C663BF3009A5B64 /* QuizEngineTests.xctest */,
				F3B7B0EB2C8E795300126948 /* QuizEngine.framework */,
				F3B7B0F22C8E795300126948 /* QuizEngineTests.xctest */,
			);
			name = Products;
			sourceTree = "<group>";
		};
		7B9839D02C663BF3009A5B64 /* QuizEngine */ = {
			isa = PBXGroup;
			children = (
				7B9839EC2C66462C009A5B64 /* Flow.swift */,
				7B9839D12C663BF3009A5B64 /* QuizEngine.h */,
				7B9839D22C663BF3009A5B64 /* QuizEngine.docc */,
				7BFC064D2C8C1A70003F5A0F /* Result.swift */,
				7BFC064F2C8C1A85003F5A0F /* Router.swift */,
				7BFC06532C8C2279003F5A0F /* Game.swift */,
			);
			path = QuizEngine;
			sourceTree = "<group>";
		};
		7B9839DC2C663BF3009A5B64 /* QuizEngineTests */ = {
			isa = PBXGroup;
			children = (
				7B9839DD2C663BF3009A5B64 /* QuizEngineTests.swift */,
				7B9839E82C663C38009A5B64 /* FlowTests.swift */,
				7BFC06512C8C220C003F5A0F /* GameTest.swift */,
				7BFC06552C8C2367003F5A0F /* RouterSpy.swift */,
			);
			path = QuizEngineTests;
			sourceTree = "<group>";
		};
/* End PBXGroup section */

/* Begin PBXHeadersBuildPhase section */
		7B9839C92C663BF3009A5B64 /* Headers */ = {
			isa = PBXHeadersBuildPhase;
			buildActionMask = 2147483647;
			files = (
				7B9839DF2C663BF3009A5B64 /* QuizEngine.h in Headers */,
			);
			runOnlyForDeploymentPostprocessing = 0;
		};
		F3B7B0E62C8E795300126948 /* Headers */ = {
			isa = PBXHeadersBuildPhase;
			buildActionMask = 2147483647;
			files = (
			);
			runOnlyForDeploymentPostprocessing = 0;
		};
/* End PBXHeadersBuildPhase section */

/* Begin PBXNativeTarget section */
		7B9839CD2C663BF3009A5B64 /* QuizEngine */ = {
			isa = PBXNativeTarget;
			buildConfigurationList = 7B9839E22C663BF3009A5B64 /* Build configuration list for PBXNativeTarget "QuizEngine" */;
			buildPhases = (
				7B9839C92C663BF3009A5B64 /* Headers */,
				7B9839CA2C663BF3009A5B64 /* Sources */,
				7B9839CB2C663BF3009A5B64 /* Frameworks */,
				7B9839CC2C663BF3009A5B64 /* Resources */,
			);
			buildRules = (
			);
			dependencies = (
			);
			name = QuizEngine;
			productName = QuizEngine;
			productReference = 7B9839CE2C663BF3009A5B64 /* QuizEngine.framework */;
			productType = "com.apple.product-type.framework";
		};
		7B9839D72C663BF3009A5B64 /* QuizEngineTests */ = {
			isa = PBXNativeTarget;
			buildConfigurationList = 7B9839E52C663BF3009A5B64 /* Build configuration list for PBXNativeTarget "QuizEngineTests" */;
			buildPhases = (
				7B9839D42C663BF3009A5B64 /* Sources */,
				7B9839D52C663BF3009A5B64 /* Frameworks */,
				7B9839D62C663BF3009A5B64 /* Resources */,
			);
			buildRules = (
			);
			dependencies = (
				7B9839DB2C663BF3009A5B64 /* PBXTargetDependency */,
			);
			name = QuizEngineTests;
			productName = QuizEngineTests;
			productReference = 7B9839D82C663BF3009A5B64 /* QuizEngineTests.xctest */;
			productType = "com.apple.product-type.bundle.unit-test";
		};
		F3B7B0EA2C8E795300126948 /* QuizEngine_iOS */ = {
			isa = PBXNativeTarget;
			buildConfigurationList = F3B7B0FE2C8E795300126948 /* Build configuration list for PBXNativeTarget "QuizEngine_iOS" */;
			buildPhases = (
				F3B7B0E62C8E795300126948 /* Headers */,
				F3B7B0E72C8E795300126948 /* Sources */,
				F3B7B0E82C8E795300126948 /* Frameworks */,
				F3B7B0E92C8E795300126948 /* Resources */,
			);
			buildRules = (
			);
			dependencies = (
			);
			name = QuizEngine_iOS;
			productName = QuizEngine_iOS;
			productReference = F3B7B0EB2C8E795300126948 /* QuizEngine.framework */;
			productType = "com.apple.product-type.framework";
		};
		F3B7B0F12C8E795300126948 /* QuizEngine_iOSTests */ = {
			isa = PBXNativeTarget;
			buildConfigurationList = F3B7B0FF2C8E795300126948 /* Build configuration list for PBXNativeTarget "QuizEngine_iOSTests" */;
			buildPhases = (
				F3B7B0EE2C8E795300126948 /* Sources */,
				F3B7B0EF2C8E795300126948 /* Frameworks */,
				F3B7B0F02C8E795300126948 /* Resources */,
			);
			buildRules = (
			);
			dependencies = (
				F3B7B0F52C8E795300126948 /* PBXTargetDependency */,
			);
			name = QuizEngine_iOSTests;
			productName = QuizEngine_iOSTests;
			productReference = F3B7B0F22C8E795300126948 /* QuizEngineTests.xctest */;
			productType = "com.apple.product-type.bundle.unit-test";
		};
/* End PBXNativeTarget section */

/* Begin PBXProject section */
		7B9839C52C663BF3009A5B64 /* Project object */ = {
			isa = PBXProject;
			attributes = {
				BuildIndependentTargetsInParallel = 1;
				LastSwiftUpdateCheck = 1520;
				LastUpgradeCheck = 1520;
				TargetAttributes = {
					7B9839CD2C663BF3009A5B64 = {
						CreatedOnToolsVersion = 15.2;
					};
					7B9839D72C663BF3009A5B64 = {
						CreatedOnToolsVersion = 15.2;
					};
					F3B7B0EA2C8E795300126948 = {
						CreatedOnToolsVersion = 15.2;
					};
					F3B7B0F12C8E795300126948 = {
						CreatedOnToolsVersion = 15.2;
					};
				};
			};
			buildConfigurationList = 7B9839C82C663BF3009A5B64 /* Build configuration list for PBXProject "QuizEngine" */;
			compatibilityVersion = "Xcode 14.0";
			developmentRegion = en;
			hasScannedForEncodings = 0;
			knownRegions = (
				en,
				Base,
			);
			mainGroup = 7B9839C42C663BF3009A5B64;
			productRefGroup = 7B9839CF2C663BF3009A5B64 /* Products */;
			projectDirPath = "";
			projectRoot = "";
			targets = (
				7B9839CD2C663BF3009A5B64 /* QuizEngine */,
				7B9839D72C663BF3009A5B64 /* QuizEngineTests */,
				F3B7B0EA2C8E795300126948 /* QuizEngine_iOS */,
				F3B7B0F12C8E795300126948 /* QuizEngine_iOSTests */,
			);
		};
/* End PBXProject section */

/* Begin PBXResourcesBuildPhase section */
		7B9839CC2C663BF3009A5B64 /* Resources */ = {
			isa = PBXResourcesBuildPhase;
			buildActionMask = 2147483647;
			files = (
			);
			runOnlyForDeploymentPostprocessing = 0;
		};
		7B9839D62C663BF3009A5B64 /* Resources */ = {
			isa = PBXResourcesBuildPhase;
			buildActionMask = 2147483647;
			files = (
			);
			runOnlyForDeploymentPostprocessing = 0;
		};
		F3B7B0E92C8E795300126948 /* Resources */ = {
			isa = PBXResourcesBuildPhase;
			buildActionMask = 2147483647;
			files = (
			);
			runOnlyForDeploymentPostprocessing = 0;
		};
		F3B7B0F02C8E795300126948 /* Resources */ = {
			isa = PBXResourcesBuildPhase;
			buildActionMask = 2147483647;
			files = (
			);
			runOnlyForDeploymentPostprocessing = 0;
		};
/* End PBXResourcesBuildPhase section */

/* Begin PBXSourcesBuildPhase section */
		7B9839CA2C663BF3009A5B64 /* Sources */ = {
			isa = PBXSourcesBuildPhase;
			buildActionMask = 2147483647;
			files = (
				7BFC06502C8C1A85003F5A0F /* Router.swift in Sources */,
				7BFC06542C8C2279003F5A0F /* Game.swift in Sources */,
				7BFC064E2C8C1A70003F5A0F /* Result.swift in Sources */,
				7B9839D32C663BF3009A5B64 /* QuizEngine.docc in Sources */,
				7B9839ED2C66462C009A5B64 /* Flow.swift in Sources */,
			);
			runOnlyForDeploymentPostprocessing = 0;
		};
		7B9839D42C663BF3009A5B64 /* Sources */ = {
			isa = PBXSourcesBuildPhase;
			buildActionMask = 2147483647;
			files = (
				7B9839DE2C663BF3009A5B64 /* QuizEngineTests.swift in Sources */,
				7B9839EB2C6645D1009A5B64 /* FlowTests.swift in Sources */,
				7BFC06522C8C220C003F5A0F /* GameTest.swift in Sources */,
				7BFC06562C8C2367003F5A0F /* RouterSpy.swift in Sources */,
			);
			runOnlyForDeploymentPostprocessing = 0;
		};
		F3B7B0E72C8E795300126948 /* Sources */ = {
			isa = PBXSourcesBuildPhase;
			buildActionMask = 2147483647;
			files = (
				F3B7B1052C8E7B3600126948 /* Result.swift in Sources */,
				F3B7B1072C8E7B3B00126948 /* Flow.swift in Sources */,
				F3B7B1062C8E7B3600126948 /* Game.swift in Sources */,
				F3B7B1042C8E7B3600126948 /* Router.swift in Sources */,
			);
			runOnlyForDeploymentPostprocessing = 0;
		};
		F3B7B0EE2C8E795300126948 /* Sources */ = {
			isa = PBXSourcesBuildPhase;
			buildActionMask = 2147483647;
			files = (
				F3B7B1002C8E7B1B00126948 /* FlowTests.swift in Sources */,
				F3B7B1032C8E7B2900126948 /* QuizEngineTests.swift in Sources */,
				F3B7B1012C8E7B2500126948 /* GameTest.swift in Sources */,
				F3B7B1022C8E7B2500126948 /* RouterSpy.swift in Sources */,
			);
			runOnlyForDeploymentPostprocessing = 0;
		};
/* End PBXSourcesBuildPhase section */

/* Begin PBXTargetDependency section */
		7B9839DB2C663BF3009A5B64 /* PBXTargetDependency */ = {
			isa = PBXTargetDependency;
			target = 7B9839CD2C663BF3009A5B64 /* QuizEngine */;
			targetProxy = 7B9839DA2C663BF3009A5B64 /* PBXContainerItemProxy */;
		};
		F3B7B0F52C8E795300126948 /* PBXTargetDependency */ = {
			isa = PBXTargetDependency;
			target = F3B7B0EA2C8E795300126948 /* QuizEngine_iOS */;
			targetProxy = F3B7B0F42C8E795300126948 /* PBXContainerItemProxy */;
		};
/* End PBXTargetDependency section */

/* Begin XCBuildConfiguration section */
		7B9839E02C663BF3009A5B64 /* Debug */ = {
			isa = XCBuildConfiguration;
			buildSettings = {
				ALWAYS_SEARCH_USER_PATHS = NO;
				ASSETCATALOG_COMPILER_GENERATE_SWIFT_ASSET_SYMBOL_EXTENSIONS = YES;
				CLANG_ANALYZER_NONNULL = YES;
				CLANG_ANALYZER_NUMBER_OBJECT_CONVERSION = YES_AGGRESSIVE;
				CLANG_CXX_LANGUAGE_STANDARD = "gnu++20";
				CLANG_ENABLE_MODULES = YES;
				CLANG_ENABLE_OBJC_ARC = YES;
				CLANG_ENABLE_OBJC_WEAK = YES;
				CLANG_WARN_BLOCK_CAPTURE_AUTORELEASING = YES;
				CLANG_WARN_BOOL_CONVERSION = YES;
				CLANG_WARN_COMMA = YES;
				CLANG_WARN_CONSTANT_CONVERSION = YES;
				CLANG_WARN_DEPRECATED_OBJC_IMPLEMENTATIONS = YES;
				CLANG_WARN_DIRECT_OBJC_ISA_USAGE = YES_ERROR;
				CLANG_WARN_DOCUMENTATION_COMMENTS = YES;
				CLANG_WARN_EMPTY_BODY = YES;
				CLANG_WARN_ENUM_CONVERSION = YES;
				CLANG_WARN_INFINITE_RECURSION = YES;
				CLANG_WARN_INT_CONVERSION = YES;
				CLANG_WARN_NON_LITERAL_NULL_CONVERSION = YES;
				CLANG_WARN_OBJC_IMPLICIT_RETAIN_SELF = YES;
				CLANG_WARN_OBJC_LITERAL_CONVERSION = YES;
				CLANG_WARN_OBJC_ROOT_CLASS = YES_ERROR;
				CLANG_WARN_QUOTED_INCLUDE_IN_FRAMEWORK_HEADER = YES;
				CLANG_WARN_RANGE_LOOP_ANALYSIS = YES;
				CLANG_WARN_STRICT_PROTOTYPES = YES;
				CLANG_WARN_SUSPICIOUS_MOVE = YES;
				CLANG_WARN_UNGUARDED_AVAILABILITY = YES_AGGRESSIVE;
				CLANG_WARN_UNREACHABLE_CODE = YES;
				CLANG_WARN__DUPLICATE_METHOD_MATCH = YES;
				COPY_PHASE_STRIP = NO;
				CURRENT_PROJECT_VERSION = 1;
				DEBUG_INFORMATION_FORMAT = dwarf;
				ENABLE_STRICT_OBJC_MSGSEND = YES;
				ENABLE_TESTABILITY = YES;
				ENABLE_USER_SCRIPT_SANDBOXING = YES;
				GCC_C_LANGUAGE_STANDARD = gnu17;
				GCC_DYNAMIC_NO_PIC = NO;
				GCC_NO_COMMON_BLOCKS = YES;
				GCC_OPTIMIZATION_LEVEL = 0;
				GCC_PREPROCESSOR_DEFINITIONS = (
					"DEBUG=1",
					"$(inherited)",
				);
				GCC_WARN_64_TO_32_BIT_CONVERSION = YES;
				GCC_WARN_ABOUT_RETURN_TYPE = YES_ERROR;
				GCC_WARN_UNDECLARED_SELECTOR = YES;
				GCC_WARN_UNINITIALIZED_AUTOS = YES_AGGRESSIVE;
				GCC_WARN_UNUSED_FUNCTION = YES;
				GCC_WARN_UNUSED_VARIABLE = YES;
				LOCALIZATION_PREFERS_STRING_CATALOGS = YES;
				MACOSX_DEPLOYMENT_TARGET = 14.2;
				MTL_ENABLE_DEBUG_INFO = INCLUDE_SOURCE;
				MTL_FAST_MATH = YES;
				ONLY_ACTIVE_ARCH = YES;
				SDKROOT = macosx;
				SWIFT_ACTIVE_COMPILATION_CONDITIONS = "DEBUG $(inherited)";
				SWIFT_OPTIMIZATION_LEVEL = "-Onone";
				VERSIONING_SYSTEM = "apple-generic";
				VERSION_INFO_PREFIX = "";
			};
			name = Debug;
		};
		7B9839E12C663BF3009A5B64 /* Release */ = {
			isa = XCBuildConfiguration;
			buildSettings = {
				ALWAYS_SEARCH_USER_PATHS = NO;
				ASSETCATALOG_COMPILER_GENERATE_SWIFT_ASSET_SYMBOL_EXTENSIONS = YES;
				CLANG_ANALYZER_NONNULL = YES;
				CLANG_ANALYZER_NUMBER_OBJECT_CONVERSION = YES_AGGRESSIVE;
				CLANG_CXX_LANGUAGE_STANDARD = "gnu++20";
				CLANG_ENABLE_MODULES = YES;
				CLANG_ENABLE_OBJC_ARC = YES;
				CLANG_ENABLE_OBJC_WEAK = YES;
				CLANG_WARN_BLOCK_CAPTURE_AUTORELEASING = YES;
				CLANG_WARN_BOOL_CONVERSION = YES;
				CLANG_WARN_COMMA = YES;
				CLANG_WARN_CONSTANT_CONVERSION = YES;
				CLANG_WARN_DEPRECATED_OBJC_IMPLEMENTATIONS = YES;
				CLANG_WARN_DIRECT_OBJC_ISA_USAGE = YES_ERROR;
				CLANG_WARN_DOCUMENTATION_COMMENTS = YES;
				CLANG_WARN_EMPTY_BODY = YES;
				CLANG_WARN_ENUM_CONVERSION = YES;
				CLANG_WARN_INFINITE_RECURSION = YES;
				CLANG_WARN_INT_CONVERSION = YES;
				CLANG_WARN_NON_LITERAL_NULL_CONVERSION = YES;
				CLANG_WARN_OBJC_IMPLICIT_RETAIN_SELF = YES;
				CLANG_WARN_OBJC_LITERAL_CONVERSION = YES;
				CLANG_WARN_OBJC_ROOT_CLASS = YES_ERROR;
				CLANG_WARN_QUOTED_INCLUDE_IN_FRAMEWORK_HEADER = YES;
				CLANG_WARN_RANGE_LOOP_ANALYSIS = YES;
				CLANG_WARN_STRICT_PROTOTYPES = YES;
				CLANG_WARN_SUSPICIOUS_MOVE = YES;
				CLANG_WARN_UNGUARDED_AVAILABILITY = YES_AGGRESSIVE;
				CLANG_WARN_UNREACHABLE_CODE = YES;
				CLANG_WARN__DUPLICATE_METHOD_MATCH = YES;
				COPY_PHASE_STRIP = NO;
				CURRENT_PROJECT_VERSION = 1;
				DEBUG_INFORMATION_FORMAT = "dwarf-with-dsym";
				ENABLE_NS_ASSERTIONS = NO;
				ENABLE_STRICT_OBJC_MSGSEND = YES;
				ENABLE_USER_SCRIPT_SANDBOXING = YES;
				GCC_C_LANGUAGE_STANDARD = gnu17;
				GCC_NO_COMMON_BLOCKS = YES;
				GCC_WARN_64_TO_32_BIT_CONVERSION = YES;
				GCC_WARN_ABOUT_RETURN_TYPE = YES_ERROR;
				GCC_WARN_UNDECLARED_SELECTOR = YES;
				GCC_WARN_UNINITIALIZED_AUTOS = YES_AGGRESSIVE;
				GCC_WARN_UNUSED_FUNCTION = YES;
				GCC_WARN_UNUSED_VARIABLE = YES;
				LOCALIZATION_PREFERS_STRING_CATALOGS = YES;
				MACOSX_DEPLOYMENT_TARGET = 14.2;
				MTL_ENABLE_DEBUG_INFO = NO;
				MTL_FAST_MATH = YES;
				SDKROOT = macosx;
				SWIFT_COMPILATION_MODE = wholemodule;
				VERSIONING_SYSTEM = "apple-generic";
				VERSION_INFO_PREFIX = "";
			};
			name = Release;
		};
		7B9839E32C663BF3009A5B64 /* Debug */ = {
			isa = XCBuildConfiguration;
			buildSettings = {
				CODE_SIGN_STYLE = Automatic;
				COMBINE_HIDPI_IMAGES = YES;
				CURRENT_PROJECT_VERSION = 1;
				DEFINES_MODULE = YES;
				DEVELOPMENT_TEAM = G6F8ZTAKUJ;
				DYLIB_COMPATIBILITY_VERSION = 1;
				DYLIB_CURRENT_VERSION = 1;
				DYLIB_INSTALL_NAME_BASE = "@rpath";
				ENABLE_MODULE_VERIFIER = YES;
				GENERATE_INFOPLIST_FILE = YES;
				INFOPLIST_KEY_NSHumanReadableCopyright = "";
				INSTALL_PATH = "$(LOCAL_LIBRARY_DIR)/Frameworks";
				LD_RUNPATH_SEARCH_PATHS = (
					"$(inherited)",
					"@executable_path/../Frameworks",
					"@loader_path/Frameworks",
				);
				MARKETING_VERSION = 1.0;
				MODULE_VERIFIER_SUPPORTED_LANGUAGES = "objective-c objective-c++";
				MODULE_VERIFIER_SUPPORTED_LANGUAGE_STANDARDS = "gnu17 gnu++20";
				PRODUCT_BUNDLE_IDENTIFIER = com.Habibur.QuizEngine.QuizEngine;
				PRODUCT_NAME = "$(TARGET_NAME:c99extidentifier)";
				SKIP_INSTALL = YES;
				SWIFT_EMIT_LOC_STRINGS = YES;
				SWIFT_VERSION = 5.0;
			};
			name = Debug;
		};
		7B9839E42C663BF3009A5B64 /* Release */ = {
			isa = XCBuildConfiguration;
			buildSettings = {
				CODE_SIGN_STYLE = Automatic;
				COMBINE_HIDPI_IMAGES = YES;
				CURRENT_PROJECT_VERSION = 1;
				DEFINES_MODULE = YES;
				DEVELOPMENT_TEAM = G6F8ZTAKUJ;
				DYLIB_COMPATIBILITY_VERSION = 1;
				DYLIB_CURRENT_VERSION = 1;
				DYLIB_INSTALL_NAME_BASE = "@rpath";
				ENABLE_MODULE_VERIFIER = YES;
				GENERATE_INFOPLIST_FILE = YES;
				INFOPLIST_KEY_NSHumanReadableCopyright = "";
				INSTALL_PATH = "$(LOCAL_LIBRARY_DIR)/Frameworks";
				LD_RUNPATH_SEARCH_PATHS = (
					"$(inherited)",
					"@executable_path/../Frameworks",
					"@loader_path/Frameworks",
				);
				MARKETING_VERSION = 1.0;
				MODULE_VERIFIER_SUPPORTED_LANGUAGES = "objective-c objective-c++";
				MODULE_VERIFIER_SUPPORTED_LANGUAGE_STANDARDS = "gnu17 gnu++20";
				PRODUCT_BUNDLE_IDENTIFIER = com.Habibur.QuizEngine.QuizEngine;
				PRODUCT_NAME = "$(TARGET_NAME:c99extidentifier)";
				SKIP_INSTALL = YES;
				SWIFT_EMIT_LOC_STRINGS = YES;
				SWIFT_VERSION = 5.0;
			};
			name = Release;
		};
		7B9839E62C663BF3009A5B64 /* Debug */ = {
			isa = XCBuildConfiguration;
			buildSettings = {
				ALWAYS_EMBED_SWIFT_STANDARD_LIBRARIES = YES;
				CODE_SIGN_STYLE = Automatic;
				CURRENT_PROJECT_VERSION = 1;
				DEVELOPMENT_TEAM = G6F8ZTAKUJ;
				GENERATE_INFOPLIST_FILE = YES;
				MARKETING_VERSION = 1.0;
				PRODUCT_BUNDLE_IDENTIFIER = com.Habibur.QuizEngine.QuizEngineTests;
				PRODUCT_NAME = "$(TARGET_NAME)";
				SWIFT_EMIT_LOC_STRINGS = NO;
				SWIFT_VERSION = 5.0;
			};
			name = Debug;
		};
		7B9839E72C663BF3009A5B64 /* Release */ = {
			isa = XCBuildConfiguration;
			buildSettings = {
				ALWAYS_EMBED_SWIFT_STANDARD_LIBRARIES = YES;
				CODE_SIGN_STYLE = Automatic;
				CURRENT_PROJECT_VERSION = 1;
				DEVELOPMENT_TEAM = G6F8ZTAKUJ;
				GENERATE_INFOPLIST_FILE = YES;
				MARKETING_VERSION = 1.0;
				PRODUCT_BUNDLE_IDENTIFIER = com.Habibur.QuizEngine.QuizEngineTests;
				PRODUCT_NAME = "$(TARGET_NAME)";
				SWIFT_EMIT_LOC_STRINGS = NO;
				SWIFT_VERSION = 5.0;
			};
			name = Release;
		};
		F3B7B0FA2C8E795300126948 /* Debug */ = {
			isa = XCBuildConfiguration;
			buildSettings = {
				CODE_SIGN_STYLE = Automatic;
				CURRENT_PROJECT_VERSION = 1;
				DEFINES_MODULE = YES;
				DEVELOPMENT_TEAM = 274HLPKXV5;
				DYLIB_COMPATIBILITY_VERSION = 1;
				DYLIB_CURRENT_VERSION = 1;
				DYLIB_INSTALL_NAME_BASE = "@rpath";
				ENABLE_MODULE_VERIFIER = YES;
				GENERATE_INFOPLIST_FILE = YES;
				INFOPLIST_KEY_NSHumanReadableCopyright = "";
				INSTALL_PATH = "$(LOCAL_LIBRARY_DIR)/Frameworks";
				IPHONEOS_DEPLOYMENT_TARGET = 17.2;
				LD_RUNPATH_SEARCH_PATHS = (
					"$(inherited)",
					"@executable_path/Frameworks",
					"@loader_path/Frameworks",
				);
				MARKETING_VERSION = 1.0;
				MODULE_VERIFIER_SUPPORTED_LANGUAGES = "objective-c objective-c++";
				MODULE_VERIFIER_SUPPORTED_LANGUAGE_STANDARDS = "gnu17 gnu++20";
				PRODUCT_BUNDLE_IDENTIFIER = "com.habib.test001.QuizEngine-iOS";
				PRODUCT_NAME = QuizEngine;
				SDKROOT = iphoneos;
				SKIP_INSTALL = YES;
				SWIFT_EMIT_LOC_STRINGS = YES;
				SWIFT_VERSION = 5.0;
				TARGETED_DEVICE_FAMILY = "1,2";
			};
			name = Debug;
		};
		F3B7B0FB2C8E795300126948 /* Release */ = {
			isa = XCBuildConfiguration;
			buildSettings = {
				CODE_SIGN_STYLE = Automatic;
				CURRENT_PROJECT_VERSION = 1;
				DEFINES_MODULE = YES;
				DEVELOPMENT_TEAM = 274HLPKXV5;
				DYLIB_COMPATIBILITY_VERSION = 1;
				DYLIB_CURRENT_VERSION = 1;
				DYLIB_INSTALL_NAME_BASE = "@rpath";
				ENABLE_MODULE_VERIFIER = YES;
				GENERATE_INFOPLIST_FILE = YES;
				INFOPLIST_KEY_NSHumanReadableCopyright = "";
				INSTALL_PATH = "$(LOCAL_LIBRARY_DIR)/Frameworks";
				IPHONEOS_DEPLOYMENT_TARGET = 17.2;
				LD_RUNPATH_SEARCH_PATHS = (
					"$(inherited)",
					"@executable_path/Frameworks",
					"@loader_path/Frameworks",
				);
				MARKETING_VERSION = 1.0;
				MODULE_VERIFIER_SUPPORTED_LANGUAGES = "objective-c objective-c++";
				MODULE_VERIFIER_SUPPORTED_LANGUAGE_STANDARDS = "gnu17 gnu++20";
				PRODUCT_BUNDLE_IDENTIFIER = "com.habib.test001.QuizEngine-iOS";
				PRODUCT_NAME = QuizEngine;
				SDKROOT = iphoneos;
				SKIP_INSTALL = YES;
				SWIFT_EMIT_LOC_STRINGS = YES;
				SWIFT_VERSION = 5.0;
				TARGETED_DEVICE_FAMILY = "1,2";
				VALIDATE_PRODUCT = YES;
			};
			name = Release;
		};
		F3B7B0FC2C8E795300126948 /* Debug */ = {
			isa = XCBuildConfiguration;
			buildSettings = {
				ALWAYS_EMBED_SWIFT_STANDARD_LIBRARIES = YES;
				CODE_SIGN_STYLE = Automatic;
				CURRENT_PROJECT_VERSION = 1;
				DEVELOPMENT_TEAM = 274HLPKXV5;
				GENERATE_INFOPLIST_FILE = YES;
				IPHONEOS_DEPLOYMENT_TARGET = 17.2;
				MARKETING_VERSION = 1.0;
				PRODUCT_BUNDLE_IDENTIFIER = "com.habib.test001.QuizEngine-iOSTests";
				PRODUCT_NAME = QuizEngineTests;
				SDKROOT = iphoneos;
				SWIFT_EMIT_LOC_STRINGS = NO;
				SWIFT_VERSION = 5.0;
				TARGETED_DEVICE_FAMILY = "1,2";
			};
			name = Debug;
		};
		F3B7B0FD2C8E795300126948 /* Release */ = {
			isa = XCBuildConfiguration;
			buildSettings = {
				ALWAYS_EMBED_SWIFT_STANDARD_LIBRARIES = YES;
				CODE_SIGN_STYLE = Automatic;
				CURRENT_PROJECT_VERSION = 1;
				DEVELOPMENT_TEAM = 274HLPKXV5;
				GENERATE_INFOPLIST_FILE = YES;
				IPHONEOS_DEPLOYMENT_TARGET = 17.2;
				MARKETING_VERSION = 1.0;
				PRODUCT_BUNDLE_IDENTIFIER = "com.habib.test001.QuizEngine-iOSTests";
				PRODUCT_NAME = QuizEngineTests;
				SDKROOT = iphoneos;
				SWIFT_EMIT_LOC_STRINGS = NO;
				SWIFT_VERSION = 5.0;
				TARGETED_DEVICE_FAMILY = "1,2";
				VALIDATE_PRODUCT = YES;
			};
			name = Release;
		};
/* End XCBuildConfiguration section */

/* Begin XCConfigurationList section */
		7B9839C82C663BF3009A5B64 /* Build configuration list for PBXProject "QuizEngine" */ = {
			isa = XCConfigurationList;
			buildConfigurations = (
				7B9839E02C663BF3009A5B64 /* Debug */,
				7B9839E12C663BF3009A5B64 /* Release */,
			);
			defaultConfigurationIsVisible = 0;
			defaultConfigurationName = Release;
		};
		7B9839E22C663BF3009A5B64 /* Build configuration list for PBXNativeTarget "QuizEngine" */ = {
			isa = XCConfigurationList;
			buildConfigurations = (
				7B9839E32C663BF3009A5B64 /* Debug */,
				7B9839E42C663BF3009A5B64 /* Release */,
			);
			defaultConfigurationIsVisible = 0;
			defaultConfigurationName = Release;
		};
		7B9839E52C663BF3009A5B64 /* Build configuration list for PBXNativeTarget "QuizEngineTests" */ = {
			isa = XCConfigurationList;
			buildConfigurations = (
				7B9839E62C663BF3009A5B64 /* Debug */,
				7B9839E72C663BF3009A5B64 /* Release */,
			);
			defaultConfigurationIsVisible = 0;
			defaultConfigurationName = Release;
		};
		F3B7B0FE2C8E795300126948 /* Build configuration list for PBXNativeTarget "QuizEngine_iOS" */ = {
			isa = XCConfigurationList;
			buildConfigurations = (
				F3B7B0FA2C8E795300126948 /* Debug */,
				F3B7B0FB2C8E795300126948 /* Release */,
			);
			defaultConfigurationIsVisible = 0;
			defaultConfigurationName = Release;
		};
		F3B7B0FF2C8E795300126948 /* Build configuration list for PBXNativeTarget "QuizEngine_iOSTests" */ = {
			isa = XCConfigurationList;
			buildConfigurations = (
				F3B7B0FC2C8E795300126948 /* Debug */,
				F3B7B0FD2C8E795300126948 /* Release */,
			);
			defaultConfigurationIsVisible = 0;
			defaultConfigurationName = Release;
		};
/* End XCConfigurationList section */
	};
	rootObject = 7B9839C52C663BF3009A5B64 /* Project object */;
}
